// !$*UTF8*$!
{
	archiveVersion = 1;
	classes = {
	};
	objectVersion = 55;
	objects = {

/* Begin PBXBuildFile section */
		2A2970328C46D10112206831 /* Pods_Flix.framework in Frameworks */ = {isa = PBXBuildFile; fileRef = 708E704A044F06A6E61D2E37 /* Pods_Flix.framework */; };
		462378C927B182A6007559B4 /* MovieDetailsViewController.swift in Sources */ = {isa = PBXBuildFile; fileRef = 462378C827B182A6007559B4 /* MovieDetailsViewController.swift */; };
		466012A827AA2DF100D7932A /* AppDelegate.swift in Sources */ = {isa = PBXBuildFile; fileRef = 466012A727AA2DF100D7932A /* AppDelegate.swift */; };
		466012AA27AA2DF100D7932A /* SceneDelegate.swift in Sources */ = {isa = PBXBuildFile; fileRef = 466012A927AA2DF100D7932A /* SceneDelegate.swift */; };
		466012AC27AA2DF100D7932A /* ViewController.swift in Sources */ = {isa = PBXBuildFile; fileRef = 466012AB27AA2DF100D7932A /* ViewController.swift */; };
		466012AF27AA2DF100D7932A /* Main.storyboard in Resources */ = {isa = PBXBuildFile; fileRef = 466012AD27AA2DF100D7932A /* Main.storyboard */; };
		466012B127AA2DF200D7932A /* Assets.xcassets in Resources */ = {isa = PBXBuildFile; fileRef = 466012B027AA2DF200D7932A /* Assets.xcassets */; };
		466012B427AA2DF200D7932A /* LaunchScreen.storyboard in Resources */ = {isa = PBXBuildFile; fileRef = 466012B227AA2DF200D7932A /* LaunchScreen.storyboard */; };
		466012BC27AA35D600D7932A /* MoviesViewController.swift in Sources */ = {isa = PBXBuildFile; fileRef = 466012BB27AA35D600D7932A /* MoviesViewController.swift */; };
		46798D2427AC4012007C26A2 /* MovieCell.swift in Sources */ = {isa = PBXBuildFile; fileRef = 46798D2327AC4012007C26A2 /* MovieCell.swift */; };
		46D71DBB27B2A8B500ED383D /* MovieGridViewController.swift in Sources */ = {isa = PBXBuildFile; fileRef = 46D71DBA27B2A8B500ED383D /* MovieGridViewController.swift */; };
		46D71DBD27B2FE6500ED383D /* MovieGridCell.swift in Sources */ = {isa = PBXBuildFile; fileRef = 46D71DBC27B2FE6500ED383D /* MovieGridCell.swift */; };
		46F8F9D827AC4E6B0079ED2E /* AlamofireImage in Frameworks */ = {isa = PBXBuildFile; productRef = 46F8F9D727AC4E6B0079ED2E /* AlamofireImage */; };
/* End PBXBuildFile section */

/* Begin PBXFileReference section */
		02BD53FA5870AC1F1D943C3F /* Pods-Flix.debug.xcconfig */ = {isa = PBXFileReference; includeInIndex = 1; lastKnownFileType = text.xcconfig; name = "Pods-Flix.debug.xcconfig"; path = "Target Support Files/Pods-Flix/Pods-Flix.debug.xcconfig"; sourceTree = "<group>"; };
		462378C827B182A6007559B4 /* MovieDetailsViewController.swift */ = {isa = PBXFileReference; lastKnownFileType = sourcecode.swift; path = MovieDetailsViewController.swift; sourceTree = "<group>"; };
		466012A427AA2DF100D7932A /* Flix.app */ = {isa = PBXFileReference; explicitFileType = wrapper.application; includeInIndex = 0; path = Flix.app; sourceTree = BUILT_PRODUCTS_DIR; };
		466012A727AA2DF100D7932A /* AppDelegate.swift */ = {isa = PBXFileReference; lastKnownFileType = sourcecode.swift; path = AppDelegate.swift; sourceTree = "<group>"; };
		466012A927AA2DF100D7932A /* SceneDelegate.swift */ = {isa = PBXFileReference; lastKnownFileType = sourcecode.swift; path = SceneDelegate.swift; sourceTree = "<group>"; };
		466012AB27AA2DF100D7932A /* ViewController.swift */ = {isa = PBXFileReference; lastKnownFileType = sourcecode.swift; path = ViewController.swift; sourceTree = "<group>"; };
		466012AE27AA2DF100D7932A /* Base */ = {isa = PBXFileReference; lastKnownFileType = file.storyboard; name = Base; path = Base.lproj/Main.storyboard; sourceTree = "<group>"; };
		466012B027AA2DF200D7932A /* Assets.xcassets */ = {isa = PBXFileReference; lastKnownFileType = folder.assetcatalog; path = Assets.xcassets; sourceTree = "<group>"; };
		466012B327AA2DF200D7932A /* Base */ = {isa = PBXFileReference; lastKnownFileType = file.storyboard; name = Base; path = Base.lproj/LaunchScreen.storyboard; sourceTree = "<group>"; };
		466012B527AA2DF200D7932A /* Info.plist */ = {isa = PBXFileReference; lastKnownFileType = text.plist.xml; path = Info.plist; sourceTree = "<group>"; };
		466012BB27AA35D600D7932A /* MoviesViewController.swift */ = {isa = PBXFileReference; lastKnownFileType = sourcecode.swift; path = MoviesViewController.swift; sourceTree = "<group>"; };
		46798D2327AC4012007C26A2 /* MovieCell.swift */ = {isa = PBXFileReference; lastKnownFileType = sourcecode.swift; path = MovieCell.swift; sourceTree = "<group>"; };
		46D71DBA27B2A8B500ED383D /* MovieGridViewController.swift */ = {isa = PBXFileReference; lastKnownFileType = sourcecode.swift; path = MovieGridViewController.swift; sourceTree = "<group>"; };
		46D71DBC27B2FE6500ED383D /* MovieGridCell.swift */ = {isa = PBXFileReference; lastKnownFileType = sourcecode.swift; path = MovieGridCell.swift; sourceTree = "<group>"; };
		708E704A044F06A6E61D2E37 /* Pods_Flix.framework */ = {isa = PBXFileReference; explicitFileType = wrapper.framework; includeInIndex = 0; path = Pods_Flix.framework; sourceTree = BUILT_PRODUCTS_DIR; };
		78CF3C4C2492772F61D8537C /* Pods-Flix.release.xcconfig */ = {isa = PBXFileReference; includeInIndex = 1; lastKnownFileType = text.xcconfig; name = "Pods-Flix.release.xcconfig"; path = "Target Support Files/Pods-Flix/Pods-Flix.release.xcconfig"; sourceTree = "<group>"; };
/* End PBXFileReference section */

/* Begin PBXFrameworksBuildPhase section */
		466012A127AA2DF100D7932A /* Frameworks */ = {
			isa = PBXFrameworksBuildPhase;
			buildActionMask = 2147483647;
			files = (
				46F8F9D827AC4E6B0079ED2E /* AlamofireImage in Frameworks */,
				2A2970328C46D10112206831 /* Pods_Flix.framework in Frameworks */,
			);
			runOnlyForDeploymentPostprocessing = 0;
		};
/* End PBXFrameworksBuildPhase section */

/* Begin PBXGroup section */
		4660129B27AA2DF100D7932A = {
			isa = PBXGroup;
			children = (
				466012A627AA2DF100D7932A /* Flix */,
				466012A527AA2DF100D7932A /* Products */,
				76FD0D7C2685CCB4437D242D /* Pods */,
				DCCD69386CD9A77B39A5D935 /* Frameworks */,
			);
			sourceTree = "<group>";
		};
		466012A527AA2DF100D7932A /* Products */ = {
			isa = PBXGroup;
			children = (
				466012A427AA2DF100D7932A /* Flix.app */,
			);
			name = Products;
			sourceTree = "<group>";
		};
		466012A627AA2DF100D7932A /* Flix */ = {
			isa = PBXGroup;
			children = (
				466012A727AA2DF100D7932A /* AppDelegate.swift */,
				466012A927AA2DF100D7932A /* SceneDelegate.swift */,
				466012AB27AA2DF100D7932A /* ViewController.swift */,
				466012AD27AA2DF100D7932A /* Main.storyboard */,
				46D71DBC27B2FE6500ED383D /* MovieGridCell.swift */,
				466012BB27AA35D600D7932A /* MoviesViewController.swift */,
				46798D2327AC4012007C26A2 /* MovieCell.swift */,
				462378C827B182A6007559B4 /* MovieDetailsViewController.swift */,
				46D71DBA27B2A8B500ED383D /* MovieGridViewController.swift */,
				466012B027AA2DF200D7932A /* Assets.xcassets */,
				466012B227AA2DF200D7932A /* LaunchScreen.storyboard */,
				466012B527AA2DF200D7932A /* Info.plist */,
			);
			path = Flix;
			sourceTree = "<group>";
		};
		76FD0D7C2685CCB4437D242D /* Pods */ = {
			isa = PBXGroup;
			children = (
				02BD53FA5870AC1F1D943C3F /* Pods-Flix.debug.xcconfig */,
				78CF3C4C2492772F61D8537C /* Pods-Flix.release.xcconfig */,
			);
			path = Pods;
			sourceTree = "<group>";
		};
		DCCD69386CD9A77B39A5D935 /* Frameworks */ = {
			isa = PBXGroup;
			children = (
				708E704A044F06A6E61D2E37 /* Pods_Flix.framework */,
			);
			name = Frameworks;
			sourceTree = "<group>";
		};
/* End PBXGroup section */

/* Begin PBXNativeTarget section */
		466012A327AA2DF100D7932A /* Flix */ = {
			isa = PBXNativeTarget;
			buildConfigurationList = 466012B827AA2DF200D7932A /* Build configuration list for PBXNativeTarget "Flix" */;
			buildPhases = (
				7133DA56379E3833A75A8E54 /* [CP] Check Pods Manifest.lock */,
				466012A027AA2DF100D7932A /* Sources */,
				466012A127AA2DF100D7932A /* Frameworks */,
				466012A227AA2DF100D7932A /* Resources */,
				16F5D77D6D8D5E31126667D2 /* [CP] Embed Pods Frameworks */,
			);
			buildRules = (
			);
			dependencies = (
			);
			name = Flix;
			packageProductDependencies = (
				46F8F9D727AC4E6B0079ED2E /* AlamofireImage */,
			);
			productName = Flix;
			productReference = 466012A427AA2DF100D7932A /* Flix.app */;
			productType = "com.apple.product-type.application";
		};
/* End PBXNativeTarget section */

/* Begin PBXProject section */
		4660129C27AA2DF100D7932A /* Project object */ = {
			isa = PBXProject;
			attributes = {
				BuildIndependentTargetsInParallel = 1;
				LastSwiftUpdateCheck = 1320;
				LastUpgradeCheck = 1320;
				TargetAttributes = {
					466012A327AA2DF100D7932A = {
						CreatedOnToolsVersion = 13.2.1;
					};
				};
			};
			buildConfigurationList = 4660129F27AA2DF100D7932A /* Build configuration list for PBXProject "Flix" */;
			compatibilityVersion = "Xcode 13.0";
			developmentRegion = en;
			hasScannedForEncodings = 0;
			knownRegions = (
				en,
				Base,
			);
			mainGroup = 4660129B27AA2DF100D7932A;
			packageReferences = (
				46F8F9D627AC4E6B0079ED2E /* XCRemoteSwiftPackageReference "AlamofireImage" */,
			);
			productRefGroup = 466012A527AA2DF100D7932A /* Products */;
			projectDirPath = "";
			projectRoot = "";
			targets = (
				466012A327AA2DF100D7932A /* Flix */,
			);
		};
/* End PBXProject section */

/* Begin PBXResourcesBuildPhase section */
		466012A227AA2DF100D7932A /* Resources */ = {
			isa = PBXResourcesBuildPhase;
			buildActionMask = 2147483647;
			files = (
				466012B427AA2DF200D7932A /* LaunchScreen.storyboard in Resources */,
				466012B127AA2DF200D7932A /* Assets.xcassets in Resources */,
				466012AF27AA2DF100D7932A /* Main.storyboard in Resources */,
			);
			runOnlyForDeploymentPostprocessing = 0;
		};
/* End PBXResourcesBuildPhase section */

/* Begin PBXShellScriptBuildPhase section */
		16F5D77D6D8D5E31126667D2 /* [CP] Embed Pods Frameworks */ = {
			isa = PBXShellScriptBuildPhase;
			buildActionMask = 2147483647;
			files = (
			);
			inputFileListPaths = (
				"${PODS_ROOT}/Target Support Files/Pods-Flix/Pods-Flix-frameworks-${CONFIGURATION}-input-files.xcfilelist",
			);
			name = "[CP] Embed Pods Frameworks";
			outputFileListPaths = (
				"${PODS_ROOT}/Target Support Files/Pods-Flix/Pods-Flix-frameworks-${CONFIGURATION}-output-files.xcfilelist",
			);
			runOnlyForDeploymentPostprocessing = 0;
			shellPath = /bin/sh;
			shellScript = "\"${PODS_ROOT}/Target Support Files/Pods-Flix/Pods-Flix-frameworks.sh\"\n";
			showEnvVarsInLog = 0;
		};
		7133DA56379E3833A75A8E54 /* [CP] Check Pods Manifest.lock */ = {
			isa = PBXShellScriptBuildPhase;
			buildActionMask = 2147483647;
			files = (
			);
			inputFileListPaths = (
			);
			inputPaths = (
				"${PODS_PODFILE_DIR_PATH}/Podfile.lock",
				"${PODS_ROOT}/Manifest.lock",
			);
			name = "[CP] Check Pods Manifest.lock";
			outputFileListPaths = (
			);
			outputPaths = (
				"$(DERIVED_FILE_DIR)/Pods-Flix-checkManifestLockResult.txt",
			);
			runOnlyForDeploymentPostprocessing = 0;
			shellPath = /bin/sh;
			shellScript = "diff \"${PODS_PODFILE_DIR_PATH}/Podfile.lock\" \"${PODS_ROOT}/Manifest.lock\" > /dev/null\nif [ $? != 0 ] ; then\n    # print error to STDERR\n    echo \"error: The sandbox is not in sync with the Podfile.lock. Run 'pod install' or update your CocoaPods installation.\" >&2\n    exit 1\nfi\n# This output is used by Xcode 'outputs' to avoid re-running this script phase.\necho \"SUCCESS\" > \"${SCRIPT_OUTPUT_FILE_0}\"\n";
			showEnvVarsInLog = 0;
		};
/* End PBXShellScriptBuildPhase section */

/* Begin PBXSourcesBuildPhase section */
		466012A027AA2DF100D7932A /* Sources */ = {
			isa = PBXSourcesBuildPhase;
			buildActionMask = 2147483647;
			files = (
				466012AC27AA2DF100D7932A /* ViewController.swift in Sources */,
				466012A827AA2DF100D7932A /* AppDelegate.swift in Sources */,
				462378C927B182A6007559B4 /* MovieDetailsViewController.swift in Sources */,
				46D71DBB27B2A8B500ED383D /* MovieGridViewController.swift in Sources */,
				46D71DBD27B2FE6500ED383D /* MovieGridCell.swift in Sources */,
				466012AA27AA2DF100D7932A /* SceneDelegate.swift in Sources */,
				46798D2427AC4012007C26A2 /* MovieCell.swift in Sources */,
				466012BC27AA35D600D7932A /* MoviesViewController.swift in Sources */,
			);
			runOnlyForDeploymentPostprocessing = 0;
		};
/* End PBXSourcesBuildPhase section */

/* Begin PBXVariantGroup section */
		466012AD27AA2DF100D7932A /* Main.storyboard */ = {
			isa = PBXVariantGroup;
			children = (
				466012AE27AA2DF100D7932A /* Base */,
			);
			name = Main.storyboard;
			sourceTree = "<group>";
		};
		466012B227AA2DF200D7932A /* LaunchScreen.storyboard */ = {
			isa = PBXVariantGroup;
			children = (
				466012B327AA2DF200D7932A /* Base */,
			);
			name = LaunchScreen.storyboard;
			sourceTree = "<group>";
		};
/* End PBXVariantGroup section */

/* Begin XCBuildConfiguration section */
		466012B627AA2DF200D7932A /* Debug */ = {
			isa = XCBuildConfiguration;
			buildSettings = {
				ALWAYS_SEARCH_USER_PATHS = NO;
				CLANG_ANALYZER_NONNULL = YES;
				CLANG_ANALYZER_NUMBER_OBJECT_CONVERSION = YES_AGGRESSIVE;
				CLANG_CXX_LANGUAGE_STANDARD = "gnu++17";
				CLANG_CXX_LIBRARY = "libc++";
				CLANG_ENABLE_MODULES = YES;
				CLANG_ENABLE_OBJC_ARC = YES;
				CLANG_ENABLE_OBJC_WEAK = YES;
				CLANG_WARN_BLOCK_CAPTURE_AUTORELEASING = YES;
				CLANG_WARN_BOOL_CONVERSION = YES;
				CLANG_WARN_COMMA = YES;
				CLANG_WARN_CONSTANT_CONVERSION = YES;
				CLANG_WARN_DEPRECATED_OBJC_IMPLEMENTATIONS = YES;
				CLANG_WARN_DIRECT_OBJC_ISA_USAGE = YES_ERROR;
				CLANG_WARN_DOCUMENTATION_COMMENTS = YES;
				CLANG_WARN_EMPTY_BODY = YES;
				CLANG_WARN_ENUM_CONVERSION = YES;
				CLANG_WARN_INFINITE_RECURSION = YES;
				CLANG_WARN_INT_CONVERSION = YES;
				CLANG_WARN_NON_LITERAL_NULL_CONVERSION = YES;
				CLANG_WARN_OBJC_IMPLICIT_RETAIN_SELF = YES;
				CLANG_WARN_OBJC_LITERAL_CONVERSION = YES;
				CLANG_WARN_OBJC_ROOT_CLASS = YES_ERROR;
				CLANG_WARN_QUOTED_INCLUDE_IN_FRAMEWORK_HEADER = YES;
				CLANG_WARN_RANGE_LOOP_ANALYSIS = YES;
				CLANG_WARN_STRICT_PROTOTYPES = YES;
				CLANG_WARN_SUSPICIOUS_MOVE = YES;
				CLANG_WARN_UNGUARDED_AVAILABILITY = YES_AGGRESSIVE;
				CLANG_WARN_UNREACHABLE_CODE = YES;
				CLANG_WARN__DUPLICATE_METHOD_MATCH = YES;
				COPY_PHASE_STRIP = NO;
				DEBUG_INFORMATION_FORMAT = dwarf;
				ENABLE_STRICT_OBJC_MSGSEND = YES;
				ENABLE_TESTABILITY = YES;
				GCC_C_LANGUAGE_STANDARD = gnu11;
				GCC_DYNAMIC_NO_PIC = NO;
				GCC_NO_COMMON_BLOCKS = YES;
				GCC_OPTIMIZATION_LEVEL = 0;
				GCC_PREPROCESSOR_DEFINITIONS = (
					"DEBUG=1",
					"$(inherited)",
				);
				GCC_WARN_64_TO_32_BIT_CONVERSION = YES;
				GCC_WARN_ABOUT_RETURN_TYPE = YES_ERROR;
				GCC_WARN_UNDECLARED_SELECTOR = YES;
				GCC_WARN_UNINITIALIZED_AUTOS = YES_AGGRESSIVE;
				GCC_WARN_UNUSED_FUNCTION = YES;
				GCC_WARN_UNUSED_VARIABLE = YES;
				IPHONEOS_DEPLOYMENT_TARGET = 15.2;
				MTL_ENABLE_DEBUG_INFO = INCLUDE_SOURCE;
				MTL_FAST_MATH = YES;
				ONLY_ACTIVE_ARCH = YES;
				SDKROOT = iphoneos;
				SWIFT_ACTIVE_COMPILATION_CONDITIONS = DEBUG;
				SWIFT_OPTIMIZATION_LEVEL = "-Onone";
			};
			name = Debug;
		};
		466012B727AA2DF200D7932A /* Release */ = {
			isa = XCBuildConfiguration;
			buildSettings = {
				ALWAYS_SEARCH_USER_PATHS = NO;
				CLANG_ANALYZER_NONNULL = YES;
				CLANG_ANALYZER_NUMBER_OBJECT_CONVERSION = YES_AGGRESSIVE;
				CLANG_CXX_LANGUAGE_STANDARD = "gnu++17";
				CLANG_CXX_LIBRARY = "libc++";
				CLANG_ENABLE_MODULES = YES;
				CLANG_ENABLE_OBJC_ARC = YES;
				CLANG_ENABLE_OBJC_WEAK = YES;
				CLANG_WARN_BLOCK_CAPTURE_AUTORELEASING = YES;
				CLANG_WARN_BOOL_CONVERSION = YES;
				CLANG_WARN_COMMA = YES;
				CLANG_WARN_CONSTANT_CONVERSION = YES;
				CLANG_WARN_DEPRECATED_OBJC_IMPLEMENTATIONS = YES;
				CLANG_WARN_DIRECT_OBJC_ISA_USAGE = YES_ERROR;
				CLANG_WARN_DOCUMENTATION_COMMENTS = YES;
				CLANG_WARN_EMPTY_BODY = YES;
				CLANG_WARN_ENUM_CONVERSION = YES;
				CLANG_WARN_INFINITE_RECURSION = YES;
				CLANG_WARN_INT_CONVERSION = YES;
				CLANG_WARN_NON_LITERAL_NULL_CONVERSION = YES;
				CLANG_WARN_OBJC_IMPLICIT_RETAIN_SELF = YES;
				CLANG_WARN_OBJC_LITERAL_CONVERSION = YES;
				CLANG_WARN_OBJC_ROOT_CLASS = YES_ERROR;
				CLANG_WARN_QUOTED_INCLUDE_IN_FRAMEWORK_HEADER = YES;
				CLANG_WARN_RANGE_LOOP_ANALYSIS = YES;
				CLANG_WARN_STRICT_PROTOTYPES = YES;
				CLANG_WARN_SUSPICIOUS_MOVE = YES;
				CLANG_WARN_UNGUARDED_AVAILABILITY = YES_AGGRESSIVE;
				CLANG_WARN_UNREACHABLE_CODE = YES;
				CLANG_WARN__DUPLICATE_METHOD_MATCH = YES;
				COPY_PHASE_STRIP = NO;
				DEBUG_INFORMATION_FORMAT = "dwarf-with-dsym";
				ENABLE_NS_ASSERTIONS = NO;
				ENABLE_STRICT_OBJC_MSGSEND = YES;
				GCC_C_LANGUAGE_STANDARD = gnu11;
				GCC_NO_COMMON_BLOCKS = YES;
				GCC_WARN_64_TO_32_BIT_CONVERSION = YES;
				GCC_WARN_ABOUT_RETURN_TYPE = YES_ERROR;
				GCC_WARN_UNDECLARED_SELECTOR = YES;
				GCC_WARN_UNINITIALIZED_AUTOS = YES_AGGRESSIVE;
				GCC_WARN_UNUSED_FUNCTION = YES;
				GCC_WARN_UNUSED_VARIABLE = YES;
				IPHONEOS_DEPLOYMENT_TARGET = 15.2;
				MTL_ENABLE_DEBUG_INFO = NO;
				MTL_FAST_MATH = YES;
				SDKROOT = iphoneos;
				SWIFT_COMPILATION_MODE = wholemodule;
				SWIFT_OPTIMIZATION_LEVEL = "-O";
				VALIDATE_PRODUCT = YES;
			};
			name = Release;
		};
		466012B927AA2DF200D7932A /* Debug */ = {
			isa = XCBuildConfiguration;
			baseConfigurationReference = 02BD53FA5870AC1F1D943C3F /* Pods-Flix.debug.xcconfig */;
			buildSettings = {
				ASSETCATALOG_COMPILER_APPICON_NAME = AppIcon;
				ASSETCATALOG_COMPILER_GLOBAL_ACCENT_COLOR_NAME = AccentColor;
				CODE_SIGN_STYLE = Automatic;
				CURRENT_PROJECT_VERSION = 1;
				DEVELOPMENT_TEAM = W4V58LEP5U;
				GENERATE_INFOPLIST_FILE = YES;
				INFOPLIST_FILE = Flix/Info.plist;
				INFOPLIST_KEY_UIApplicationSupportsIndirectInputEvents = YES;
				INFOPLIST_KEY_UILaunchStoryboardName = LaunchScreen;
				INFOPLIST_KEY_UIMainStoryboardFile = Main;
				INFOPLIST_KEY_UISupportedInterfaceOrientations_iPad = "UIInterfaceOrientationPortrait UIInterfaceOrientationPortraitUpsideDown UIInterfaceOrientationLandscapeLeft UIInterfaceOrientationLandscapeRight";
				INFOPLIST_KEY_UISupportedInterfaceOrientations_iPhone = "UIInterfaceOrientationPortrait UIInterfaceOrientationLandscapeLeft UIInterfaceOrientationLandscapeRight";
				LD_RUNPATH_SEARCH_PATHS = (
					"$(inherited)",
					"@executable_path/Frameworks",
				);
				MARKETING_VERSION = 1.0;
				PRODUCT_BUNDLE_IDENTIFIER = CSUMB.Flix;
				PRODUCT_NAME = "$(TARGET_NAME)";
				SWIFT_EMIT_LOC_STRINGS = YES;
				SWIFT_VERSION = 5.0;
				TARGETED_DEVICE_FAMILY = "1,2";
			};
			name = Debug;
		};
		466012BA27AA2DF200D7932A /* Release */ = {
			isa = XCBuildConfiguration;
			baseConfigurationReference = 78CF3C4C2492772F61D8537C /* Pods-Flix.release.xcconfig */;
			buildSettings = {
				ASSETCATALOG_COMPILER_APPICON_NAME = AppIcon;
				ASSETCATALOG_COMPILER_GLOBAL_ACCENT_COLOR_NAME = AccentColor;
				CODE_SIGN_STYLE = Automatic;
				CURRENT_PROJECT_VERSION = 1;
				DEVELOPMENT_TEAM = W4V58LEP5U;
				GENERATE_INFOPLIST_FILE = YES;
				INFOPLIST_FILE = Flix/Info.plist;
				INFOPLIST_KEY_UIApplicationSupportsIndirectInputEvents = YES;
				INFOPLIST_KEY_UILaunchStoryboardName = LaunchScreen;
				INFOPLIST_KEY_UIMainStoryboardFile = Main;
				INFOPLIST_KEY_UISupportedInterfaceOrientations_iPad = "UIInterfaceOrientationPortrait UIInterfaceOrientationPortraitUpsideDown UIInterfaceOrientationLandscapeLeft UIInterfaceOrientationLandscapeRight";
				INFOPLIST_KEY_UISupportedInterfaceOrientations_iPhone = "UIInterfaceOrientationPortrait UIInterfaceOrientationLandscapeLeft UIInterfaceOrientationLandscapeRight";
				LD_RUNPATH_SEARCH_PATHS = (
					"$(inherited)",
					"@executable_path/Frameworks",
				);
				MARKETING_VERSION = 1.0;
				PRODUCT_BUNDLE_IDENTIFIER = CSUMB.Flix;
				PRODUCT_NAME = "$(TARGET_NAME)";
				SWIFT_EMIT_LOC_STRINGS = YES;
				SWIFT_VERSION = 5.0;
				TARGETED_DEVICE_FAMILY = "1,2";
			};
			name = Release;
		};
/* End XCBuildConfiguration section */

/* Begin XCConfigurationList section */
		4660129F27AA2DF100D7932A /* Build configuration list for PBXProject "Flix" */ = {
			isa = XCConfigurationList;
			buildConfigurations = (
				466012B627AA2DF200D7932A /* Debug */,
				466012B727AA2DF200D7932A /* Release */,
			);
			defaultConfigurationIsVisible = 0;
			defaultConfigurationName = Release;
		};
		466012B827AA2DF200D7932A /* Build configuration list for PBXNativeTarget "Flix" */ = {
			isa = XCConfigurationList;
			buildConfigurations = (
				466012B927AA2DF200D7932A /* Debug */,
				466012BA27AA2DF200D7932A /* Release */,
			);
			defaultConfigurationIsVisible = 0;
			defaultConfigurationName = Release;
		};
/* End XCConfigurationList section */

/* Begin XCRemoteSwiftPackageReference section */
		46F8F9D627AC4E6B0079ED2E /* XCRemoteSwiftPackageReference "AlamofireImage" */ = {
			isa = XCRemoteSwiftPackageReference;
			repositoryURL = "https://github.com/Alamofire/AlamofireImage";
			requirement = {
				kind = upToNextMajorVersion;
				minimumVersion = 4.0.0;
			};
		};
/* End XCRemoteSwiftPackageReference section */

/* Begin XCSwiftPackageProductDependency section */
		46F8F9D727AC4E6B0079ED2E /* AlamofireImage */ = {
			isa = XCSwiftPackageProductDependency;
			package = 46F8F9D627AC4E6B0079ED2E /* XCRemoteSwiftPackageReference "AlamofireImage" */;
			productName = AlamofireImage;
		};
/* End XCSwiftPackageProductDependency section */
	};
	rootObject = 4660129C27AA2DF100D7932A /* Project object */;
}
